# This file is generated by running "yarn install" inside your project.
# Manual changes might be lost - proceed with caution!

__metadata:
  version: 6
  cacheKey: 8

"eslint-config-tabbify-typescript@workspace:.":
  version: 0.0.0-use.local
  resolution: "eslint-config-tabbify-typescript@workspace:."
  dependencies:
    eslint-config-tabbify: ^0.1.2
  peerDependencies:
    eslint: ">=8"
  languageName: unknown
  linkType: soft

"eslint-config-tabbify@npm:^0.1.2":
  version: 0.1.2
  resolution: "eslint-config-tabbify@npm:0.1.2"
  peerDependencies:
    eslint: ">=8"
  checksum: f6db7f38a378568dced421d2cd791304b7b0654dffa53d09822d5c6f03a0012607a4300d2f9a75b66cc5dce187dde42a98dc9760cb15eb6a7f2a1f752d747421
  languageName: node
  linkType: hard
